{
  "name": "@vueform/plugin-mask",
  "version": "1.0.0",
  "lockfileVersion": 3,
  "requires": true,
  "packages": {
    "": {
      "name": "@vueform/plugin-mask",
      "version": "1.0.0",
      "license": "MIT",
      "dependencies": {
        "imask": "^7.4.0"
      }
    },
    "node_modules/@babel/runtime-corejs3": {
      "version": "7.23.9",
      "resolved": "https://registry.npmjs.org/@babel/runtime-corejs3/-/runtime-corejs3-7.23.9.tgz",
      "integrity": "sha512-oeOFTrYWdWXCvXGB5orvMTJ6gCZ9I6FBjR+M38iKNXCsPxr4xT0RTdg5uz1H7QP8pp74IzPtwritEr+JscqHXQ==",
      "dependencies": {
        "core-js-pure": "^3.30.2",
        "regenerator-runtime": "^0.14.0"
      },
      "engines": {
        "node": ">=6.9.0"
      }
    },
    "node_modules/core-js-pure": {
      "version": "3.36.0",
      "resolved": "https://registry.npmjs.org/core-js-pure/-/core-js-pure-3.36.0.tgz",
      "integrity": "sha512-cN28qmhRNgbMZZMc/RFu5w8pK9VJzpb2rJVR/lHuZJKwmXnoWOpXmMkxqBB514igkp1Hu8WGROsiOAzUcKdHOQ==",
      "hasInstallScript": true,
      "funding": {
        "type": "opencollective",
        "url": "https://opencollective.com/core-js"
      }
    },
    "node_modules/imask": {
      "version": "7.4.0",
      "resolved": "https://registry.npmjs.org/imask/-/imask-7.4.0.tgz",
      "integrity": "sha512-fU6mCo5YiTeDI8aVreuOKLOWxXIrRVnuQhZQXbjhwHxQb3GOQyCtlDGMyHxu2gq//LnKDxTwDBq1teRHmkzA3Q==",
      "dependencies": {
        "@babel/runtime-corejs3": "^7.23.9"
      },
      "engines": {
        "npm": ">=4.0.0"
      }
    },
    "node_modules/regenerator-runtime": {
      "version": "0.14.1",
      "resolved": "https://registry.npmjs.org/regenerator-runtime/-/regenerator-runtime-0.14.1.tgz",
      "integrity": "sha512-dYnhHh0nJoMfnkZs6GmmhFknAGRrLznOu5nc9ML+EJxGvrx6H7teuevqVqCuPcPK//3eDrrjQhehXVx9cnkGdw=="
    }
  }
}
